
Microsoft Visual Studio Solution File, Format Version 12.00
# Visual Studio 15
VisualStudioVersion = 15.0.25807.0
MinimumVisualStudioVersion = 10.0.40219.1
Project("{2150E333-8FDC-42A3-9474-1A3956D46DE8}") = "Engine", "Engine", "{21B48506-8FF3-4C0E-A5BA-653A1449695A}"
EndProject
Project("{2150E333-8FDC-42A3-9474-1A3956D46DE8}") = "Games", "Games", "{C949E164-6897-4D42-84BD-41EA931DC47F}"
EndProject
Project("{8BC9CEB8-8B4A-11D0-8D11-00A0C91BC942}") = "UE4", "Intermediate\ProjectFiles\UE4.vcxproj", "{BB3BFB90-5447-47B9-92F6-1692EDD029F3}"
EndProject
Project("{8BC9CEB8-8B4A-11D0-8D11-00A0C91BC942}") = "StatsPluginExample", "Intermediate\ProjectFiles\StatsPluginExample.vcxproj", "{BFB6F1EE-89BB-4D2A-8ED9-948B66AF2FF3}"
EndProject
Project("{2150E333-8FDC-42A3-9474-1A3956D46DE8}") = "Visualizers", "Visualizers", "{E020901D-2ED4-4A52-AB8E-5BD86AF8DFEC}"
	ProjectSection(SolutionItems) = preProject
		C:\Program Files\Epic Games\UE_4.21\Engine\Extras\VisualStudioDebugging\UE4.natvis = C:\Program Files\Epic Games\UE_4.21\Engine\Extras\VisualStudioDebugging\UE4.natvis
	EndProjectSection
EndProject
Global
	GlobalSection(SolutionConfigurationPlatforms) = preSolution
		DebugGame Editor|HTML5 = DebugGame Editor|HTML5
		DebugGame Editor|IOS = DebugGame Editor|IOS
		DebugGame Editor|Win32 = DebugGame Editor|Win32
		DebugGame Editor|Win64 = DebugGame Editor|Win64
		DebugGame|HTML5 = DebugGame|HTML5
		DebugGame|IOS = DebugGame|IOS
		DebugGame|Win32 = DebugGame|Win32
		DebugGame|Win64 = DebugGame|Win64
		Development Editor|HTML5 = Development Editor|HTML5
		Development Editor|IOS = Development Editor|IOS
		Development Editor|Win32 = Development Editor|Win32
		Development Editor|Win64 = Development Editor|Win64
		Development|HTML5 = Development|HTML5
		Development|IOS = Development|IOS
		Development|Win32 = Development|Win32
		Development|Win64 = Development|Win64
		Shipping|HTML5 = Shipping|HTML5
		Shipping|IOS = Shipping|IOS
		Shipping|Win32 = Shipping|Win32
		Shipping|Win64 = Shipping|Win64
	EndGlobalSection
	GlobalSection(ProjectConfigurationPlatforms) = postSolution
		{BB3BFB90-5447-47B9-92F6-1692EDD029F3}.DebugGame Editor|HTML5.ActiveCfg = BuiltWithUnrealBuildTool|Win32
		{BB3BFB90-5447-47B9-92F6-1692EDD029F3}.DebugGame Editor|IOS.ActiveCfg = BuiltWithUnrealBuildTool|Win32
		{BB3BFB90-5447-47B9-92F6-1692EDD029F3}.DebugGame Editor|Win32.ActiveCfg = BuiltWithUnrealBuildTool|Win32
		{BB3BFB90-5447-47B9-92F6-1692EDD029F3}.DebugGame Editor|Win64.ActiveCfg = BuiltWithUnrealBuildTool|Win32
		{BB3BFB90-5447-47B9-92F6-1692EDD029F3}.DebugGame|HTML5.ActiveCfg = BuiltWithUnrealBuildTool|Win32
		{BB3BFB90-5447-47B9-92F6-1692EDD029F3}.DebugGame|IOS.ActiveCfg = BuiltWithUnrealBuildTool|Win32
		{BB3BFB90-5447-47B9-92F6-1692EDD029F3}.DebugGame|Win32.ActiveCfg = BuiltWithUnrealBuildTool|Win32
		{BB3BFB90-5447-47B9-92F6-1692EDD029F3}.DebugGame|Win64.ActiveCfg = BuiltWithUnrealBuildTool|Win32
		{BB3BFB90-5447-47B9-92F6-1692EDD029F3}.Development Editor|HTML5.ActiveCfg = BuiltWithUnrealBuildTool|Win32
		{BB3BFB90-5447-47B9-92F6-1692EDD029F3}.Development Editor|IOS.ActiveCfg = BuiltWithUnrealBuildTool|Win32
		{BB3BFB90-5447-47B9-92F6-1692EDD029F3}.Development Editor|Win32.ActiveCfg = BuiltWithUnrealBuildTool|Win32
		{BB3BFB90-5447-47B9-92F6-1692EDD029F3}.Development Editor|Win64.ActiveCfg = BuiltWithUnrealBuildTool|Win32
		{BB3BFB90-5447-47B9-92F6-1692EDD029F3}.Development|HTML5.ActiveCfg = BuiltWithUnrealBuildTool|Win32
		{BB3BFB90-5447-47B9-92F6-1692EDD029F3}.Development|IOS.ActiveCfg = BuiltWithUnrealBuildTool|Win32
		{BB3BFB90-5447-47B9-92F6-1692EDD029F3}.Development|Win32.ActiveCfg = BuiltWithUnrealBuildTool|Win32
		{BB3BFB90-5447-47B9-92F6-1692EDD029F3}.Development|Win64.ActiveCfg = BuiltWithUnrealBuildTool|Win32
		{BB3BFB90-5447-47B9-92F6-1692EDD029F3}.Shipping|HTML5.ActiveCfg = BuiltWithUnrealBuildTool|Win32
		{BB3BFB90-5447-47B9-92F6-1692EDD029F3}.Shipping|IOS.ActiveCfg = BuiltWithUnrealBuildTool|Win32
		{BB3BFB90-5447-47B9-92F6-1692EDD029F3}.Shipping|Win32.ActiveCfg = BuiltWithUnrealBuildTool|Win32
		{BB3BFB90-5447-47B9-92F6-1692EDD029F3}.Shipping|Win64.ActiveCfg = BuiltWithUnrealBuildTool|Win32
		{BFB6F1EE-89BB-4D2A-8ED9-948B66AF2FF3}.DebugGame Editor|HTML5.ActiveCfg = Invalid|Win32
		{BFB6F1EE-89BB-4D2A-8ED9-948B66AF2FF3}.DebugGame Editor|IOS.ActiveCfg = Invalid|Win32
		{BFB6F1EE-89BB-4D2A-8ED9-948B66AF2FF3}.DebugGame Editor|Win32.ActiveCfg = Invalid|Win32
		{BFB6F1EE-89BB-4D2A-8ED9-948B66AF2FF3}.DebugGame Editor|Win64.ActiveCfg = DebugGame_Editor|x64
		{BFB6F1EE-89BB-4D2A-8ED9-948B66AF2FF3}.DebugGame Editor|Win64.Build.0 = DebugGame_Editor|x64
		{BFB6F1EE-89BB-4D2A-8ED9-948B66AF2FF3}.DebugGame|HTML5.ActiveCfg = HTML5_DebugGame|Win32
		{BFB6F1EE-89BB-4D2A-8ED9-948B66AF2FF3}.DebugGame|HTML5.Build.0 = HTML5_DebugGame|Win32
		{BFB6F1EE-89BB-4D2A-8ED9-948B66AF2FF3}.DebugGame|IOS.ActiveCfg = IOS_DebugGame|Win32
		{BFB6F1EE-89BB-4D2A-8ED9-948B66AF2FF3}.DebugGame|IOS.Build.0 = IOS_DebugGame|Win32
		{BFB6F1EE-89BB-4D2A-8ED9-948B66AF2FF3}.DebugGame|Win32.ActiveCfg = DebugGame|Win32
		{BFB6F1EE-89BB-4D2A-8ED9-948B66AF2FF3}.DebugGame|Win32.Build.0 = DebugGame|Win32
		{BFB6F1EE-89BB-4D2A-8ED9-948B66AF2FF3}.DebugGame|Win64.ActiveCfg = DebugGame|x64
		{BFB6F1EE-89BB-4D2A-8ED9-948B66AF2FF3}.DebugGame|Win64.Build.0 = DebugGame|x64
		{BFB6F1EE-89BB-4D2A-8ED9-948B66AF2FF3}.Development Editor|HTML5.ActiveCfg = Invalid|Win32
		{BFB6F1EE-89BB-4D2A-8ED9-948B66AF2FF3}.Development Editor|IOS.ActiveCfg = Invalid|Win32
		{BFB6F1EE-89BB-4D2A-8ED9-948B66AF2FF3}.Development Editor|Win32.ActiveCfg = Invalid|Win32
		{BFB6F1EE-89BB-4D2A-8ED9-948B66AF2FF3}.Development Editor|Win64.ActiveCfg = Development_Editor|x64
		{BFB6F1EE-89BB-4D2A-8ED9-948B66AF2FF3}.Development Editor|Win64.Build.0 = Development_Editor|x64
		{BFB6F1EE-89BB-4D2A-8ED9-948B66AF2FF3}.Development|HTML5.ActiveCfg = HTML5_Development|Win32
		{BFB6F1EE-89BB-4D2A-8ED9-948B66AF2FF3}.Development|HTML5.Build.0 = HTML5_Development|Win32
		{BFB6F1EE-89BB-4D2A-8ED9-948B66AF2FF3}.Development|IOS.ActiveCfg = IOS_Development|Win32
		{BFB6F1EE-89BB-4D2A-8ED9-948B66AF2FF3}.Development|IOS.Build.0 = IOS_Development|Win32
		{BFB6F1EE-89BB-4D2A-8ED9-948B66AF2FF3}.Development|Win32.ActiveCfg = Development|Win32
		{BFB6F1EE-89BB-4D2A-8ED9-948B66AF2FF3}.Development|Win32.Build.0 = Development|Win32
		{BFB6F1EE-89BB-4D2A-8ED9-948B66AF2FF3}.Development|Win64.ActiveCfg = Development|x64
		{BFB6F1EE-89BB-4D2A-8ED9-948B66AF2FF3}.Development|Win64.Build.0 = Development|x64
		{BFB6F1EE-89BB-4D2A-8ED9-948B66AF2FF3}.Shipping|HTML5.ActiveCfg = HTML5_Shipping|Win32
		{BFB6F1EE-89BB-4D2A-8ED9-948B66AF2FF3}.Shipping|HTML5.Build.0 = HTML5_Shipping|Win32
		{BFB6F1EE-89BB-4D2A-8ED9-948B66AF2FF3}.Shipping|IOS.ActiveCfg = IOS_Shipping|Win32
		{BFB6F1EE-89BB-4D2A-8ED9-948B66AF2FF3}.Shipping|IOS.Build.0 = IOS_Shipping|Win32
		{BFB6F1EE-89BB-4D2A-8ED9-948B66AF2FF3}.Shipping|Win32.ActiveCfg = Shipping|Win32
		{BFB6F1EE-89BB-4D2A-8ED9-948B66AF2FF3}.Shipping|Win32.Build.0 = Shipping|Win32
		{BFB6F1EE-89BB-4D2A-8ED9-948B66AF2FF3}.Shipping|Win64.ActiveCfg = Shipping|x64
		{BFB6F1EE-89BB-4D2A-8ED9-948B66AF2FF3}.Shipping|Win64.Build.0 = Shipping|x64
	EndGlobalSection
	GlobalSection(SolutionProperties) = preSolution
		HideSolutionNode = FALSE
	EndGlobalSection
	GlobalSection(NestedProjects) = preSolution
		{BB3BFB90-5447-47B9-92F6-1692EDD029F3} = {21B48506-8FF3-4C0E-A5BA-653A1449695A}
		{BFB6F1EE-89BB-4D2A-8ED9-948B66AF2FF3} = {C949E164-6897-4D42-84BD-41EA931DC47F}
	EndGlobalSection
EndGlobal
